
Microsoft Visual Studio Solution File, Format Version 12.00
# Visual Studio 15
VisualStudioVersion = 15.0.28307.1022
MinimumVisualStudioVersion = 10.0.40219.1
Project("{FAE04EC0-301F-11D3-BF4B-00C04F79EFBC}") = "patterning", "patterning\patterning.csproj", "{BAD2CBDE-479E-4D29-A3DF-84414F50C1A9}"
EndProject
Global
	GlobalSection(SolutionConfigurationPlatforms) = preSolution
		Debug|Any CPU = Debug|Any CPU
		Release|Any CPU = Release|Any CPU
	EndGlobalSection
	GlobalSection(ProjectConfigurationPlatforms) = postSolution
		{BAD2CBDE-479E-4D29-A3DF-84414F50C1A9}.Debug|Any CPU.ActiveCfg = Debug|Any CPU
		{BAD2CBDE-479E-4D29-A3DF-84414F50C1A9}.Debug|Any CPU.Build.0 = Debug|Any CPU
		{BAD2CBDE-479E-4D29-A3DF-84414F50C1A9}.Release|Any CPU.ActiveCfg = Release|Any CPU
		{BAD2CBDE-479E-4D29-A3DF-84414F50C1A9}.Release|Any CPU.Build.0 = Release|Any CPU
	EndGlobalSection
	GlobalSection(SolutionProperties) = preSolution
		HideSolutionNode = FALSE
	EndGlobalSection
	GlobalSection(ExtensibilityGlobals) = postSolution
		SolutionGuid = {5CB68B09-F01C-4E03-A2BE-3BF57390ECF6}
	EndGlobalSection
EndGlobal
