
Microsoft Visual Studio Solution File, Format Version 12.00
# Visual Studio 15
VisualStudioVersion = 15.0.28307.1062
MinimumVisualStudioVersion = 10.0.40219.1
Project("{FAE04EC0-301F-11D3-BF4B-00C04F79EFBC}") = "GenericList", "GenericList\GenericList.csproj", "{3C689345-0A40-426B-A635-7AC895299838}"
EndProject
Global
	GlobalSection(SolutionConfigurationPlatforms) = preSolution
		Debug|Any CPU = Debug|Any CPU
		Release|Any CPU = Release|Any CPU
	EndGlobalSection
	GlobalSection(ProjectConfigurationPlatforms) = postSolution
		{3C689345-0A40-426B-A635-7AC895299838}.Debug|Any CPU.ActiveCfg = Debug|Any CPU
		{3C689345-0A40-426B-A635-7AC895299838}.Debug|Any CPU.Build.0 = Debug|Any CPU
		{3C689345-0A40-426B-A635-7AC895299838}.Release|Any CPU.ActiveCfg = Release|Any CPU
		{3C689345-0A40-426B-A635-7AC895299838}.Release|Any CPU.Build.0 = Release|Any CPU
	EndGlobalSection
	GlobalSection(SolutionProperties) = preSolution
		HideSolutionNode = FALSE
	EndGlobalSection
	GlobalSection(ExtensibilityGlobals) = postSolution
		SolutionGuid = {E99884B6-8747-49C2-BE55-B3495A41D714}
	EndGlobalSection
EndGlobal
